
Microsoft Visual Studio Solution File, Format Version 12.00
# Visual Studio Version 16
VisualStudioVersion = 16.0.33328.57
MinimumVisualStudioVersion = 10.0.40219.1
Project("{FAE04EC0-301F-11D3-BF4B-00C04F79EFBC}") = "UserRegistration", "UserRegistration\UserRegistration.csproj", "{7E1C7927-DE86-4AD3-8CC9-AD9C9640B98E}"
EndProject
Project("{FAE04EC0-301F-11D3-BF4B-00C04F79EFBC}") = "User Registration Using MSTest", "User Registration Using MSTest\User Registration Using MSTest.csproj", "{BE5CC764-DD1B-4711-A148-E5A2E22D43A1}"
EndProject
Global
	GlobalSection(SolutionConfigurationPlatforms) = preSolution
		Debug|Any CPU = Debug|Any CPU
		Release|Any CPU = Release|Any CPU
	EndGlobalSection
	GlobalSection(ProjectConfigurationPlatforms) = postSolution
		{7E1C7927-DE86-4AD3-8CC9-AD9C9640B98E}.Debug|Any CPU.ActiveCfg = Debug|Any CPU
		{7E1C7927-DE86-4AD3-8CC9-AD9C9640B98E}.Debug|Any CPU.Build.0 = Debug|Any CPU
		{7E1C7927-DE86-4AD3-8CC9-AD9C9640B98E}.Release|Any CPU.ActiveCfg = Release|Any CPU
		{7E1C7927-DE86-4AD3-8CC9-AD9C9640B98E}.Release|Any CPU.Build.0 = Release|Any CPU
		{BE5CC764-DD1B-4711-A148-E5A2E22D43A1}.Debug|Any CPU.ActiveCfg = Debug|Any CPU
		{BE5CC764-DD1B-4711-A148-E5A2E22D43A1}.Debug|Any CPU.Build.0 = Debug|Any CPU
		{BE5CC764-DD1B-4711-A148-E5A2E22D43A1}.Release|Any CPU.ActiveCfg = Release|Any CPU
		{BE5CC764-DD1B-4711-A148-E5A2E22D43A1}.Release|Any CPU.Build.0 = Release|Any CPU
	EndGlobalSection
	GlobalSection(SolutionProperties) = preSolution
		HideSolutionNode = FALSE
	EndGlobalSection
	GlobalSection(ExtensibilityGlobals) = postSolution
		SolutionGuid = {FE1BA79A-7DB5-4F08-A8E8-D350033CDAF0}
	EndGlobalSection
EndGlobal
